github.com/Des1red/goauthlib v1.2.3 h1:pSGgc2Rdx2GZFQQUP1F1s+YWecOPgeWLx0UCq1Uv0Ws=
github.com/Des1red/goauthlib v1.2.3/go.mod h1:2/NM55n8QXJqeYnGrt4QSOQHrDMjJAFmIxtRTTpCJ/g=
github.com/mattn/go-sqlite3 v1.14.34 h1:3NtcvcUnFBPsuRcno8pUtupspG/GM+9nZ88zgJcp6Zk=
github.com/mattn/go-sqlite3 v1.14.34/go.mod h1:Uh1q+B4BYcTPb+yiD3kU8Ct7aC0hY9fxUwlHK0RXw+Y=
